// !$*UTF8*$!
{
	archiveVersion = 1;
	classes = {
	};
	objectVersion = 50;
	objects = {

/* Begin PBXBuildFile section */
		028A6C155DFBDB073A558D52 /* Pods_Real_WeatherTests.framework in Frameworks */ = {isa = PBXBuildFile; fileRef = D39A387C6EB544F4957BC1F9 /* Pods_Real_WeatherTests.framework */; };
		219289DEB559B6FF811F63CD /* Pods_Real_Weather.framework in Frameworks */ = {isa = PBXBuildFile; fileRef = E52E6932073C3E9EFC79BF33 /* Pods_Real_Weather.framework */; };
		4A142855E7653E808D52A769 /* Pods_Real_WeatherUITests.framework in Frameworks */ = {isa = PBXBuildFile; fileRef = 685B2F2FDB345F0F161C8498 /* Pods_Real_WeatherUITests.framework */; };
		FF6F04D621199E8300962DCF /* AppDelegate.swift in Sources */ = {isa = PBXBuildFile; fileRef = FF6F04D521199E8300962DCF /* AppDelegate.swift */; };
		FF6F04DB21199E8300962DCF /* Main.storyboard in Resources */ = {isa = PBXBuildFile; fileRef = FF6F04D921199E8300962DCF /* Main.storyboard */; };
		FF6F04DD21199E8400962DCF /* Assets.xcassets in Resources */ = {isa = PBXBuildFile; fileRef = FF6F04DC21199E8400962DCF /* Assets.xcassets */; };
		FF6F04E021199E8400962DCF /* LaunchScreen.storyboard in Resources */ = {isa = PBXBuildFile; fileRef = FF6F04DE21199E8400962DCF /* LaunchScreen.storyboard */; };
		FF6F04EB21199E8400962DCF /* Real_WeatherTests.swift in Sources */ = {isa = PBXBuildFile; fileRef = FF6F04EA21199E8400962DCF /* Real_WeatherTests.swift */; };
		FF6F04F621199E8400962DCF /* Real_WeatherUITests.swift in Sources */ = {isa = PBXBuildFile; fileRef = FF6F04F521199E8400962DCF /* Real_WeatherUITests.swift */; };
		FFEF4A352119FE2E005D702C /* WeatherDetailViewController.swift in Sources */ = {isa = PBXBuildFile; fileRef = FFEF4A342119FE2E005D702C /* WeatherDetailViewController.swift */; };
		FFEF4A372119FFE6005D702C /* WeatherCardCollectionViewCell.swift in Sources */ = {isa = PBXBuildFile; fileRef = FFEF4A362119FFE6005D702C /* WeatherCardCollectionViewCell.swift */; };
		FFEF4A3B211A0317005D702C /* WeatherDetail.swift in Sources */ = {isa = PBXBuildFile; fileRef = FFEF4A3A211A0317005D702C /* WeatherDetail.swift */; };
		FFEF4A3E211A03BC005D702C /* Request.swift in Sources */ = {isa = PBXBuildFile; fileRef = FFEF4A3D211A03BC005D702C /* Request.swift */; };
		FFEF4A40211A03CC005D702C /* Response.swift in Sources */ = {isa = PBXBuildFile; fileRef = FFEF4A3F211A03CC005D702C /* Response.swift */; };
		FFEF4A44211A03E9005D702C /* SingleDataResponse.swift in Sources */ = {isa = PBXBuildFile; fileRef = FFEF4A43211A03E9005D702C /* SingleDataResponse.swift */; };
		FFEF4A46211A0598005D702C /* WeatherDetailRequest.swift in Sources */ = {isa = PBXBuildFile; fileRef = FFEF4A45211A0598005D702C /* WeatherDetailRequest.swift */; };
		FFEF4A49211A05C6005D702C /* GlobalVariable.swift in Sources */ = {isa = PBXBuildFile; fileRef = FFEF4A48211A05C6005D702C /* GlobalVariable.swift */; };
		FFEF4A4B211A1B9E005D702C /* GlobalMethod.swift in Sources */ = {isa = PBXBuildFile; fileRef = FFEF4A4A211A1B9E005D702C /* GlobalMethod.swift */; };
		FFEF4A4D211A9D69005D702C /* SearchLocationViewController.swift in Sources */ = {isa = PBXBuildFile; fileRef = FFEF4A4C211A9D69005D702C /* SearchLocationViewController.swift */; };
		FFEF4A4F211AA39C005D702C /* Locations.swift in Sources */ = {isa = PBXBuildFile; fileRef = FFEF4A4E211AA39C005D702C /* Locations.swift */; };
		FFEF4A51211AA52C005D702C /* LocationRequest.swift in Sources */ = {isa = PBXBuildFile; fileRef = FFEF4A50211AA52C005D702C /* LocationRequest.swift */; };
/* End PBXBuildFile section */

/* Begin PBXContainerItemProxy section */
		FF6F04E721199E8400962DCF /* PBXContainerItemProxy */ = {
			isa = PBXContainerItemProxy;
			containerPortal = FF6F04CA21199E8300962DCF /* Project object */;
			proxyType = 1;
			remoteGlobalIDString = FF6F04D121199E8300962DCF;
			remoteInfo = "Real Weather";
		};
		FF6F04F221199E8400962DCF /* PBXContainerItemProxy */ = {
			isa = PBXContainerItemProxy;
			containerPortal = FF6F04CA21199E8300962DCF /* Project object */;
			proxyType = 1;
			remoteGlobalIDString = FF6F04D121199E8300962DCF;
			remoteInfo = "Real Weather";
		};
/* End PBXContainerItemProxy section */

/* Begin PBXFileReference section */
		20CB9F0618C5BDCE53A0A3E7 /* Pods-Real WeatherTests.debug.xcconfig */ = {isa = PBXFileReference; includeInIndex = 1; lastKnownFileType = text.xcconfig; name = "Pods-Real WeatherTests.debug.xcconfig"; path = "Pods/Target Support Files/Pods-Real WeatherTests/Pods-Real WeatherTests.debug.xcconfig"; sourceTree = "<group>"; };
		24536B218F8F5AAE6D77FB0C /* Pods-Real WeatherTests.release.xcconfig */ = {isa = PBXFileReference; includeInIndex = 1; lastKnownFileType = text.xcconfig; name = "Pods-Real WeatherTests.release.xcconfig"; path = "Pods/Target Support Files/Pods-Real WeatherTests/Pods-Real WeatherTests.release.xcconfig"; sourceTree = "<group>"; };
		60439097B98C8A5DEF809E71 /* Pods-Real Weather.release.xcconfig */ = {isa = PBXFileReference; includeInIndex = 1; lastKnownFileType = text.xcconfig; name = "Pods-Real Weather.release.xcconfig"; path = "Pods/Target Support Files/Pods-Real Weather/Pods-Real Weather.release.xcconfig"; sourceTree = "<group>"; };
		6498F9549772078D27088A8A /* Pods-Real WeatherUITests.debug.xcconfig */ = {isa = PBXFileReference; includeInIndex = 1; lastKnownFileType = text.xcconfig; name = "Pods-Real WeatherUITests.debug.xcconfig"; path = "Pods/Target Support Files/Pods-Real WeatherUITests/Pods-Real WeatherUITests.debug.xcconfig"; sourceTree = "<group>"; };
		685B2F2FDB345F0F161C8498 /* Pods_Real_WeatherUITests.framework */ = {isa = PBXFileReference; explicitFileType = wrapper.framework; includeInIndex = 0; path = Pods_Real_WeatherUITests.framework; sourceTree = BUILT_PRODUCTS_DIR; };
		7CA9187B6DA9E6A28A2FEF34 /* Pods-Real WeatherUITests.release.xcconfig */ = {isa = PBXFileReference; includeInIndex = 1; lastKnownFileType = text.xcconfig; name = "Pods-Real WeatherUITests.release.xcconfig"; path = "Pods/Target Support Files/Pods-Real WeatherUITests/Pods-Real WeatherUITests.release.xcconfig"; sourceTree = "<group>"; };
		971DA7D74D55C07AF2F4A3BA /* Pods-Real Weather.debug.xcconfig */ = {isa = PBXFileReference; includeInIndex = 1; lastKnownFileType = text.xcconfig; name = "Pods-Real Weather.debug.xcconfig"; path = "Pods/Target Support Files/Pods-Real Weather/Pods-Real Weather.debug.xcconfig"; sourceTree = "<group>"; };
		D39A387C6EB544F4957BC1F9 /* Pods_Real_WeatherTests.framework */ = {isa = PBXFileReference; explicitFileType = wrapper.framework; includeInIndex = 0; path = Pods_Real_WeatherTests.framework; sourceTree = BUILT_PRODUCTS_DIR; };
		E52E6932073C3E9EFC79BF33 /* Pods_Real_Weather.framework */ = {isa = PBXFileReference; explicitFileType = wrapper.framework; includeInIndex = 0; path = Pods_Real_Weather.framework; sourceTree = BUILT_PRODUCTS_DIR; };
		FF6F04D221199E8300962DCF /* Real Weather.app */ = {isa = PBXFileReference; explicitFileType = wrapper.application; includeInIndex = 0; path = "Real Weather.app"; sourceTree = BUILT_PRODUCTS_DIR; };
		FF6F04D521199E8300962DCF /* AppDelegate.swift */ = {isa = PBXFileReference; lastKnownFileType = sourcecode.swift; path = AppDelegate.swift; sourceTree = "<group>"; };
		FF6F04DA21199E8300962DCF /* Base */ = {isa = PBXFileReference; lastKnownFileType = file.storyboard; name = Base; path = Base.lproj/Main.storyboard; sourceTree = "<group>"; };
		FF6F04DC21199E8400962DCF /* Assets.xcassets */ = {isa = PBXFileReference; lastKnownFileType = folder.assetcatalog; path = Assets.xcassets; sourceTree = "<group>"; };
		FF6F04DF21199E8400962DCF /* Base */ = {isa = PBXFileReference; lastKnownFileType = file.storyboard; name = Base; path = Base.lproj/LaunchScreen.storyboard; sourceTree = "<group>"; };
		FF6F04E121199E8400962DCF /* Info.plist */ = {isa = PBXFileReference; lastKnownFileType = text.plist.xml; path = Info.plist; sourceTree = "<group>"; };
		FF6F04E621199E8400962DCF /* Real WeatherTests.xctest */ = {isa = PBXFileReference; explicitFileType = wrapper.cfbundle; includeInIndex = 0; path = "Real WeatherTests.xctest"; sourceTree = BUILT_PRODUCTS_DIR; };
		FF6F04EA21199E8400962DCF /* Real_WeatherTests.swift */ = {isa = PBXFileReference; lastKnownFileType = sourcecode.swift; path = Real_WeatherTests.swift; sourceTree = "<group>"; };
		FF6F04EC21199E8400962DCF /* Info.plist */ = {isa = PBXFileReference; lastKnownFileType = text.plist.xml; path = Info.plist; sourceTree = "<group>"; };
		FF6F04F121199E8400962DCF /* Real WeatherUITests.xctest */ = {isa = PBXFileReference; explicitFileType = wrapper.cfbundle; includeInIndex = 0; path = "Real WeatherUITests.xctest"; sourceTree = BUILT_PRODUCTS_DIR; };
		FF6F04F521199E8400962DCF /* Real_WeatherUITests.swift */ = {isa = PBXFileReference; lastKnownFileType = sourcecode.swift; path = Real_WeatherUITests.swift; sourceTree = "<group>"; };
		FF6F04F721199E8400962DCF /* Info.plist */ = {isa = PBXFileReference; lastKnownFileType = text.plist.xml; path = Info.plist; sourceTree = "<group>"; };
		FFEF4A342119FE2E005D702C /* WeatherDetailViewController.swift */ = {isa = PBXFileReference; lastKnownFileType = sourcecode.swift; path = WeatherDetailViewController.swift; sourceTree = "<group>"; };
		FFEF4A362119FFE6005D702C /* WeatherCardCollectionViewCell.swift */ = {isa = PBXFileReference; lastKnownFileType = sourcecode.swift; path = WeatherCardCollectionViewCell.swift; sourceTree = "<group>"; };
		FFEF4A3A211A0317005D702C /* WeatherDetail.swift */ = {isa = PBXFileReference; lastKnownFileType = sourcecode.swift; path = WeatherDetail.swift; sourceTree = "<group>"; };
		FFEF4A3D211A03BC005D702C /* Request.swift */ = {isa = PBXFileReference; lastKnownFileType = sourcecode.swift; path = Request.swift; sourceTree = "<group>"; };
		FFEF4A3F211A03CC005D702C /* Response.swift */ = {isa = PBXFileReference; lastKnownFileType = sourcecode.swift; path = Response.swift; sourceTree = "<group>"; };
		FFEF4A43211A03E9005D702C /* SingleDataResponse.swift */ = {isa = PBXFileReference; lastKnownFileType = sourcecode.swift; path = SingleDataResponse.swift; sourceTree = "<group>"; };
		FFEF4A45211A0598005D702C /* WeatherDetailRequest.swift */ = {isa = PBXFileReference; lastKnownFileType = sourcecode.swift; path = WeatherDetailRequest.swift; sourceTree = "<group>"; };
		FFEF4A48211A05C6005D702C /* GlobalVariable.swift */ = {isa = PBXFileReference; lastKnownFileType = sourcecode.swift; path = GlobalVariable.swift; sourceTree = "<group>"; };
		FFEF4A4A211A1B9E005D702C /* GlobalMethod.swift */ = {isa = PBXFileReference; lastKnownFileType = sourcecode.swift; path = GlobalMethod.swift; sourceTree = "<group>"; };
		FFEF4A4C211A9D69005D702C /* SearchLocationViewController.swift */ = {isa = PBXFileReference; lastKnownFileType = sourcecode.swift; path = SearchLocationViewController.swift; sourceTree = "<group>"; };
		FFEF4A4E211AA39C005D702C /* Locations.swift */ = {isa = PBXFileReference; lastKnownFileType = sourcecode.swift; path = Locations.swift; sourceTree = "<group>"; };
		FFEF4A50211AA52C005D702C /* LocationRequest.swift */ = {isa = PBXFileReference; lastKnownFileType = sourcecode.swift; path = LocationRequest.swift; sourceTree = "<group>"; };
/* End PBXFileReference section */

/* Begin PBXFrameworksBuildPhase section */
		FF6F04CF21199E8300962DCF /* Frameworks */ = {
			isa = PBXFrameworksBuildPhase;
			buildActionMask = 2147483647;
			files = (
				219289DEB559B6FF811F63CD /* Pods_Real_Weather.framework in Frameworks */,
			);
			runOnlyForDeploymentPostprocessing = 0;
		};
		FF6F04E321199E8400962DCF /* Frameworks */ = {
			isa = PBXFrameworksBuildPhase;
			buildActionMask = 2147483647;
			files = (
				028A6C155DFBDB073A558D52 /* Pods_Real_WeatherTests.framework in Frameworks */,
			);
			runOnlyForDeploymentPostprocessing = 0;
		};
		FF6F04EE21199E8400962DCF /* Frameworks */ = {
			isa = PBXFrameworksBuildPhase;
			buildActionMask = 2147483647;
			files = (
				4A142855E7653E808D52A769 /* Pods_Real_WeatherUITests.framework in Frameworks */,
			);
			runOnlyForDeploymentPostprocessing = 0;
		};
/* End PBXFrameworksBuildPhase section */

/* Begin PBXGroup section */
		1535B75770B71D7A38CA4C06 /* Pods */ = {
			isa = PBXGroup;
			children = (
				971DA7D74D55C07AF2F4A3BA /* Pods-Real Weather.debug.xcconfig */,
				60439097B98C8A5DEF809E71 /* Pods-Real Weather.release.xcconfig */,
				20CB9F0618C5BDCE53A0A3E7 /* Pods-Real WeatherTests.debug.xcconfig */,
				24536B218F8F5AAE6D77FB0C /* Pods-Real WeatherTests.release.xcconfig */,
				6498F9549772078D27088A8A /* Pods-Real WeatherUITests.debug.xcconfig */,
				7CA9187B6DA9E6A28A2FEF34 /* Pods-Real WeatherUITests.release.xcconfig */,
			);
			name = Pods;
			sourceTree = "<group>";
		};
		F138F88EC8F60780243AB56D /* Frameworks */ = {
			isa = PBXGroup;
			children = (
				E52E6932073C3E9EFC79BF33 /* Pods_Real_Weather.framework */,
				D39A387C6EB544F4957BC1F9 /* Pods_Real_WeatherTests.framework */,
				685B2F2FDB345F0F161C8498 /* Pods_Real_WeatherUITests.framework */,
			);
			name = Frameworks;
			sourceTree = "<group>";
		};
		FF6F04C921199E8300962DCF = {
			isa = PBXGroup;
			children = (
				FF6F04D421199E8300962DCF /* Real Weather */,
				FF6F04E921199E8400962DCF /* Real WeatherTests */,
				FF6F04F421199E8400962DCF /* Real WeatherUITests */,
				FF6F04D321199E8300962DCF /* Products */,
				1535B75770B71D7A38CA4C06 /* Pods */,
				F138F88EC8F60780243AB56D /* Frameworks */,
			);
			sourceTree = "<group>";
		};
		FF6F04D321199E8300962DCF /* Products */ = {
			isa = PBXGroup;
			children = (
				FF6F04D221199E8300962DCF /* Real Weather.app */,
				FF6F04E621199E8400962DCF /* Real WeatherTests.xctest */,
				FF6F04F121199E8400962DCF /* Real WeatherUITests.xctest */,
			);
			name = Products;
			sourceTree = "<group>";
		};
		FF6F04D421199E8300962DCF /* Real Weather */ = {
			isa = PBXGroup;
			children = (
				FFEF4A47211A05B2005D702C /* Utility */,
				FFEF4A3C211A037E005D702C /* Network Abstraction */,
				FFEF4A312119FDCA005D702C /* Model */,
				FFEF4A332119FDE0005D702C /* Controller */,
				FFEF4A322119FDD7005D702C /* View */,
				FF6F04D521199E8300962DCF /* AppDelegate.swift */,
				FF6F04DC21199E8400962DCF /* Assets.xcassets */,
				FF6F04E121199E8400962DCF /* Info.plist */,
			);
			path = "Real Weather";
			sourceTree = "<group>";
		};
		FF6F04E921199E8400962DCF /* Real WeatherTests */ = {
			isa = PBXGroup;
			children = (
				FF6F04EA21199E8400962DCF /* Real_WeatherTests.swift */,
				FF6F04EC21199E8400962DCF /* Info.plist */,
			);
			path = "Real WeatherTests";
			sourceTree = "<group>";
		};
		FF6F04F421199E8400962DCF /* Real WeatherUITests */ = {
			isa = PBXGroup;
			children = (
				FF6F04F521199E8400962DCF /* Real_WeatherUITests.swift */,
				FF6F04F721199E8400962DCF /* Info.plist */,
			);
			path = "Real WeatherUITests";
			sourceTree = "<group>";
		};
		FFEF4A312119FDCA005D702C /* Model */ = {
			isa = PBXGroup;
			children = (
				FFEF4A3A211A0317005D702C /* WeatherDetail.swift */,
				FFEF4A4E211AA39C005D702C /* Locations.swift */,
			);
			path = Model;
			sourceTree = "<group>";
		};
		FFEF4A322119FDD7005D702C /* View */ = {
			isa = PBXGroup;
			children = (
				FFEF4A392119FFFE005D702C /* Collection View Cell */,
				FFEF4A382119FFF1005D702C /* Story Board */,
			);
			path = View;
			sourceTree = "<group>";
		};
		FFEF4A332119FDE0005D702C /* Controller */ = {
			isa = PBXGroup;
			children = (
				FFEF4A342119FE2E005D702C /* WeatherDetailViewController.swift */,
				FFEF4A4C211A9D69005D702C /* SearchLocationViewController.swift */,
			);
			path = Controller;
			sourceTree = "<group>";
		};
		FFEF4A382119FFF1005D702C /* Story Board */ = {
			isa = PBXGroup;
			children = (
				FF6F04DE21199E8400962DCF /* LaunchScreen.storyboard */,
				FF6F04D921199E8300962DCF /* Main.storyboard */,
			);
			path = "Story Board";
			sourceTree = "<group>";
		};
		FFEF4A392119FFFE005D702C /* Collection View Cell */ = {
			isa = PBXGroup;
			children = (
				FFEF4A362119FFE6005D702C /* WeatherCardCollectionViewCell.swift */,
			);
			path = "Collection View Cell";
			sourceTree = "<group>";
		};
		FFEF4A3C211A037E005D702C /* Network Abstraction */ = {
			isa = PBXGroup;
			children = (
				FFEF4A42211A03D8005D702C /* Response */,
				FFEF4A41211A03D2005D702C /* Request */,
				FFEF4A3D211A03BC005D702C /* Request.swift */,
				FFEF4A3F211A03CC005D702C /* Response.swift */,
			);
			path = "Network Abstraction";
			sourceTree = "<group>";
		};
		FFEF4A41211A03D2005D702C /* Request */ = {
			isa = PBXGroup;
			children = (
				FFEF4A45211A0598005D702C /* WeatherDetailRequest.swift */,
				FFEF4A50211AA52C005D702C /* LocationRequest.swift */,
			);
			path = Request;
			sourceTree = "<group>";
		};
		FFEF4A42211A03D8005D702C /* Response */ = {
			isa = PBXGroup;
			children = (
				FFEF4A43211A03E9005D702C /* SingleDataResponse.swift */,
			);
			path = Response;
			sourceTree = "<group>";
		};
		FFEF4A47211A05B2005D702C /* Utility */ = {
			isa = PBXGroup;
			children = (
				FFEF4A48211A05C6005D702C /* GlobalVariable.swift */,
				FFEF4A4A211A1B9E005D702C /* GlobalMethod.swift */,
			);
			path = Utility;
			sourceTree = "<group>";
		};
/* End PBXGroup section */

/* Begin PBXNativeTarget section */
		FF6F04D121199E8300962DCF /* Real Weather */ = {
			isa = PBXNativeTarget;
			buildConfigurationList = FF6F04FA21199E8400962DCF /* Build configuration list for PBXNativeTarget "Real Weather" */;
			buildPhases = (
				761BBBC87403F0979C2FCF76 /* [CP] Check Pods Manifest.lock */,
				FF6F04CE21199E8300962DCF /* Sources */,
				FF6F04CF21199E8300962DCF /* Frameworks */,
				FF6F04D021199E8300962DCF /* Resources */,
				7E58A1536C803D57AA1F9654 /* [CP] Embed Pods Frameworks */,
			);
			buildRules = (
			);
			dependencies = (
			);
			name = "Real Weather";
			productName = "Real Weather";
			productReference = FF6F04D221199E8300962DCF /* Real Weather.app */;
			productType = "com.apple.product-type.application";
		};
		FF6F04E521199E8400962DCF /* Real WeatherTests */ = {
			isa = PBXNativeTarget;
			buildConfigurationList = FF6F04FD21199E8400962DCF /* Build configuration list for PBXNativeTarget "Real WeatherTests" */;
			buildPhases = (
				1F48E4308680E494ABEB93AF /* [CP] Check Pods Manifest.lock */,
				FF6F04E221199E8400962DCF /* Sources */,
				FF6F04E321199E8400962DCF /* Frameworks */,
				FF6F04E421199E8400962DCF /* Resources */,
			);
			buildRules = (
			);
			dependencies = (
				FF6F04E821199E8400962DCF /* PBXTargetDependency */,
			);
			name = "Real WeatherTests";
			productName = "Real WeatherTests";
			productReference = FF6F04E621199E8400962DCF /* Real WeatherTests.xctest */;
			productType = "com.apple.product-type.bundle.unit-test";
		};
		FF6F04F021199E8400962DCF /* Real WeatherUITests */ = {
			isa = PBXNativeTarget;
			buildConfigurationList = FF6F050021199E8400962DCF /* Build configuration list for PBXNativeTarget "Real WeatherUITests" */;
			buildPhases = (
				DFFA911DFCDA616DD5A5FCB0 /* [CP] Check Pods Manifest.lock */,
				FF6F04ED21199E8400962DCF /* Sources */,
				FF6F04EE21199E8400962DCF /* Frameworks */,
				FF6F04EF21199E8400962DCF /* Resources */,
			);
			buildRules = (
			);
			dependencies = (
				FF6F04F321199E8400962DCF /* PBXTargetDependency */,
			);
			name = "Real WeatherUITests";
			productName = "Real WeatherUITests";
			productReference = FF6F04F121199E8400962DCF /* Real WeatherUITests.xctest */;
			productType = "com.apple.product-type.bundle.ui-testing";
		};
/* End PBXNativeTarget section */

/* Begin PBXProject section */
		FF6F04CA21199E8300962DCF /* Project object */ = {
			isa = PBXProject;
			attributes = {
				LastSwiftUpdateCheck = 0940;
				LastUpgradeCheck = 0940;
				ORGANIZATIONNAME = Fadielse;
				TargetAttributes = {
					FF6F04D121199E8300962DCF = {
						CreatedOnToolsVersion = 9.4.1;
					};
					FF6F04E521199E8400962DCF = {
						CreatedOnToolsVersion = 9.4.1;
						TestTargetID = FF6F04D121199E8300962DCF;
					};
					FF6F04F021199E8400962DCF = {
						CreatedOnToolsVersion = 9.4.1;
						TestTargetID = FF6F04D121199E8300962DCF;
					};
				};
			};
			buildConfigurationList = FF6F04CD21199E8300962DCF /* Build configuration list for PBXProject "Real Weather" */;
			compatibilityVersion = "Xcode 9.3";
			developmentRegion = en;
			hasScannedForEncodings = 0;
			knownRegions = (
				en,
				Base,
			);
			mainGroup = FF6F04C921199E8300962DCF;
			productRefGroup = FF6F04D321199E8300962DCF /* Products */;
			projectDirPath = "";
			projectRoot = "";
			targets = (
				FF6F04D121199E8300962DCF /* Real Weather */,
				FF6F04E521199E8400962DCF /* Real WeatherTests */,
				FF6F04F021199E8400962DCF /* Real WeatherUITests */,
			);
		};
/* End PBXProject section */

/* Begin PBXResourcesBuildPhase section */
		FF6F04D021199E8300962DCF /* Resources */ = {
			isa = PBXResourcesBuildPhase;
			buildActionMask = 2147483647;
			files = (
				FF6F04E021199E8400962DCF /* LaunchScreen.storyboard in Resources */,
				FF6F04DD21199E8400962DCF /* Assets.xcassets in Resources */,
				FF6F04DB21199E8300962DCF /* Main.storyboard in Resources */,
			);
			runOnlyForDeploymentPostprocessing = 0;
		};
		FF6F04E421199E8400962DCF /* Resources */ = {
			isa = PBXResourcesBuildPhase;
			buildActionMask = 2147483647;
			files = (
			);
			runOnlyForDeploymentPostprocessing = 0;
		};
		FF6F04EF21199E8400962DCF /* Resources */ = {
			isa = PBXResourcesBuildPhase;
			buildActionMask = 2147483647;
			files = (
			);
			runOnlyForDeploymentPostprocessing = 0;
		};
/* End PBXResourcesBuildPhase section */

/* Begin PBXShellScriptBuildPhase section */
		1F48E4308680E494ABEB93AF /* [CP] Check Pods Manifest.lock */ = {
			isa = PBXShellScriptBuildPhase;
			buildActionMask = 2147483647;
			files = (
			);
			inputPaths = (
				"${PODS_PODFILE_DIR_PATH}/Podfile.lock",
				"${PODS_ROOT}/Manifest.lock",
			);
			name = "[CP] Check Pods Manifest.lock";
			outputPaths = (
				"$(DERIVED_FILE_DIR)/Pods-Real WeatherTests-checkManifestLockResult.txt",
			);
			runOnlyForDeploymentPostprocessing = 0;
			shellPath = /bin/sh;
			shellScript = "diff \"${PODS_PODFILE_DIR_PATH}/Podfile.lock\" \"${PODS_ROOT}/Manifest.lock\" > /dev/null\nif [ $? != 0 ] ; then\n    # print error to STDERR\n    echo \"error: The sandbox is not in sync with the Podfile.lock. Run 'pod install' or update your CocoaPods installation.\" >&2\n    exit 1\nfi\n# This output is used by Xcode 'outputs' to avoid re-running this script phase.\necho \"SUCCESS\" > \"${SCRIPT_OUTPUT_FILE_0}\"\n";
			showEnvVarsInLog = 0;
		};
		761BBBC87403F0979C2FCF76 /* [CP] Check Pods Manifest.lock */ = {
			isa = PBXShellScriptBuildPhase;
			buildActionMask = 2147483647;
			files = (
			);
			inputPaths = (
				"${PODS_PODFILE_DIR_PATH}/Podfile.lock",
				"${PODS_ROOT}/Manifest.lock",
			);
			name = "[CP] Check Pods Manifest.lock";
			outputPaths = (
				"$(DERIVED_FILE_DIR)/Pods-Real Weather-checkManifestLockResult.txt",
			);
			runOnlyForDeploymentPostprocessing = 0;
			shellPath = /bin/sh;
			shellScript = "diff \"${PODS_PODFILE_DIR_PATH}/Podfile.lock\" \"${PODS_ROOT}/Manifest.lock\" > /dev/null\nif [ $? != 0 ] ; then\n    # print error to STDERR\n    echo \"error: The sandbox is not in sync with the Podfile.lock. Run 'pod install' or update your CocoaPods installation.\" >&2\n    exit 1\nfi\n# This output is used by Xcode 'outputs' to avoid re-running this script phase.\necho \"SUCCESS\" > \"${SCRIPT_OUTPUT_FILE_0}\"\n";
			showEnvVarsInLog = 0;
		};
		7E58A1536C803D57AA1F9654 /* [CP] Embed Pods Frameworks */ = {
			isa = PBXShellScriptBuildPhase;
			buildActionMask = 2147483647;
			files = (
			);
			inputFileListPaths = (
				"${PODS_ROOT}/Target Support Files/Pods-Real Weather/Pods-Real Weather-frameworks-${CONFIGURATION}-input-files.xcfilelist",
			);
			name = "[CP] Embed Pods Frameworks";
			outputFileListPaths = (
				"${PODS_ROOT}/Target Support Files/Pods-Real Weather/Pods-Real Weather-frameworks-${CONFIGURATION}-output-files.xcfilelist",
			);
			runOnlyForDeploymentPostprocessing = 0;
			shellPath = /bin/sh;
			shellScript = "\"${PODS_ROOT}/Target Support Files/Pods-Real Weather/Pods-Real Weather-frameworks.sh\"\n";
			showEnvVarsInLog = 0;
		};
		DFFA911DFCDA616DD5A5FCB0 /* [CP] Check Pods Manifest.lock */ = {
			isa = PBXShellScriptBuildPhase;
			buildActionMask = 2147483647;
			files = (
			);
			inputPaths = (
				"${PODS_PODFILE_DIR_PATH}/Podfile.lock",
				"${PODS_ROOT}/Manifest.lock",
			);
			name = "[CP] Check Pods Manifest.lock";
			outputPaths = (
				"$(DERIVED_FILE_DIR)/Pods-Real WeatherUITests-checkManifestLockResult.txt",
			);
			runOnlyForDeploymentPostprocessing = 0;
			shellPath = /bin/sh;
			shellScript = "diff \"${PODS_PODFILE_DIR_PATH}/Podfile.lock\" \"${PODS_ROOT}/Manifest.lock\" > /dev/null\nif [ $? != 0 ] ; then\n    # print error to STDERR\n    echo \"error: The sandbox is not in sync with the Podfile.lock. Run 'pod install' or update your CocoaPods installation.\" >&2\n    exit 1\nfi\n# This output is used by Xcode 'outputs' to avoid re-running this script phase.\necho \"SUCCESS\" > \"${SCRIPT_OUTPUT_FILE_0}\"\n";
			showEnvVarsInLog = 0;
		};
/* End PBXShellScriptBuildPhase section */

/* Begin PBXSourcesBuildPhase section */
		FF6F04CE21199E8300962DCF /* Sources */ = {
			isa = PBXSourcesBuildPhase;
			buildActionMask = 2147483647;
			files = (
				FFEF4A352119FE2E005D702C /* WeatherDetailViewController.swift in Sources */,
				FFEF4A46211A0598005D702C /* WeatherDetailRequest.swift in Sources */,
				FFEF4A3B211A0317005D702C /* WeatherDetail.swift in Sources */,
				FFEF4A3E211A03BC005D702C /* Request.swift in Sources */,
				FFEF4A372119FFE6005D702C /* WeatherCardCollectionViewCell.swift in Sources */,
				FFEF4A4B211A1B9E005D702C /* GlobalMethod.swift in Sources */,
				FFEF4A4F211AA39C005D702C /* Locations.swift in Sources */,
				FFEF4A40211A03CC005D702C /* Response.swift in Sources */,
				FFEF4A44211A03E9005D702C /* SingleDataResponse.swift in Sources */,
				FF6F04D621199E8300962DCF /* AppDelegate.swift in Sources */,
				FFEF4A4D211A9D69005D702C /* SearchLocationViewController.swift in Sources */,
				FFEF4A51211AA52C005D702C /* LocationRequest.swift in Sources */,
				FFEF4A49211A05C6005D702C /* GlobalVariable.swift in Sources */,
			);
			runOnlyForDeploymentPostprocessing = 0;
		};
		FF6F04E221199E8400962DCF /* Sources */ = {
			isa = PBXSourcesBuildPhase;
			buildActionMask = 2147483647;
			files = (
				FF6F04EB21199E8400962DCF /* Real_WeatherTests.swift in Sources */,
			);
			runOnlyForDeploymentPostprocessing = 0;
		};
		FF6F04ED21199E8400962DCF /* Sources */ = {
			isa = PBXSourcesBuildPhase;
			buildActionMask = 2147483647;
			files = (
				FF6F04F621199E8400962DCF /* Real_WeatherUITests.swift in Sources */,
			);
			runOnlyForDeploymentPostprocessing = 0;
		};
/* End PBXSourcesBuildPhase section */

/* Begin PBXTargetDependency section */
		FF6F04E821199E8400962DCF /* PBXTargetDependency */ = {
			isa = PBXTargetDependency;
			target = FF6F04D121199E8300962DCF /* Real Weather */;
			targetProxy = FF6F04E721199E8400962DCF /* PBXContainerItemProxy */;
		};
		FF6F04F321199E8400962DCF /* PBXTargetDependency */ = {
			isa = PBXTargetDependency;
			target = FF6F04D121199E8300962DCF /* Real Weather */;
			targetProxy = FF6F04F221199E8400962DCF /* PBXContainerItemProxy */;
		};
/* End PBXTargetDependency section */

/* Begin PBXVariantGroup section */
		FF6F04D921199E8300962DCF /* Main.storyboard */ = {
			isa = PBXVariantGroup;
			children = (
				FF6F04DA21199E8300962DCF /* Base */,
			);
			name = Main.storyboard;
			sourceTree = "<group>";
		};
		FF6F04DE21199E8400962DCF /* LaunchScreen.storyboard */ = {
			isa = PBXVariantGroup;
			children = (
				FF6F04DF21199E8400962DCF /* Base */,
			);
			name = LaunchScreen.storyboard;
			sourceTree = "<group>";
		};
/* End PBXVariantGroup section */

/* Begin XCBuildConfiguration section */
		FF6F04F821199E8400962DCF /* Debug */ = {
			isa = XCBuildConfiguration;
			buildSettings = {
				ALWAYS_SEARCH_USER_PATHS = NO;
				CLANG_ANALYZER_NONNULL = YES;
				CLANG_ANALYZER_NUMBER_OBJECT_CONVERSION = YES_AGGRESSIVE;
				CLANG_CXX_LANGUAGE_STANDARD = "gnu++14";
				CLANG_CXX_LIBRARY = "libc++";
				CLANG_ENABLE_MODULES = YES;
				CLANG_ENABLE_OBJC_ARC = YES;
				CLANG_ENABLE_OBJC_WEAK = YES;
				CLANG_WARN_BLOCK_CAPTURE_AUTORELEASING = YES;
				CLANG_WARN_BOOL_CONVERSION = YES;
				CLANG_WARN_COMMA = YES;
				CLANG_WARN_CONSTANT_CONVERSION = YES;
				CLANG_WARN_DEPRECATED_OBJC_IMPLEMENTATIONS = YES;
				CLANG_WARN_DIRECT_OBJC_ISA_USAGE = YES_ERROR;
				CLANG_WARN_DOCUMENTATION_COMMENTS = YES;
				CLANG_WARN_EMPTY_BODY = YES;
				CLANG_WARN_ENUM_CONVERSION = YES;
				CLANG_WARN_INFINITE_RECURSION = YES;
				CLANG_WARN_INT_CONVERSION = YES;
				CLANG_WARN_NON_LITERAL_NULL_CONVERSION = YES;
				CLANG_WARN_OBJC_IMPLICIT_RETAIN_SELF = YES;
				CLANG_WARN_OBJC_LITERAL_CONVERSION = YES;
				CLANG_WARN_OBJC_ROOT_CLASS = YES_ERROR;
				CLANG_WARN_RANGE_LOOP_ANALYSIS = YES;
				CLANG_WARN_STRICT_PROTOTYPES = YES;
				CLANG_WARN_SUSPICIOUS_MOVE = YES;
				CLANG_WARN_UNGUARDED_AVAILABILITY = YES_AGGRESSIVE;
				CLANG_WARN_UNREACHABLE_CODE = YES;
				CLANG_WARN__DUPLICATE_METHOD_MATCH = YES;
				CODE_SIGN_IDENTITY = "iPhone Developer";
				COPY_PHASE_STRIP = NO;
				DEBUG_INFORMATION_FORMAT = dwarf;
				ENABLE_STRICT_OBJC_MSGSEND = YES;
				ENABLE_TESTABILITY = YES;
				GCC_C_LANGUAGE_STANDARD = gnu11;
				GCC_DYNAMIC_NO_PIC = NO;
				GCC_NO_COMMON_BLOCKS = YES;
				GCC_OPTIMIZATION_LEVEL = 0;
				GCC_PREPROCESSOR_DEFINITIONS = (
					"DEBUG=1",
					"$(inherited)",
				);
				GCC_WARN_64_TO_32_BIT_CONVERSION = YES;
				GCC_WARN_ABOUT_RETURN_TYPE = YES_ERROR;
				GCC_WARN_UNDECLARED_SELECTOR = YES;
				GCC_WARN_UNINITIALIZED_AUTOS = YES_AGGRESSIVE;
				GCC_WARN_UNUSED_FUNCTION = YES;
				GCC_WARN_UNUSED_VARIABLE = YES;
				IPHONEOS_DEPLOYMENT_TARGET = 11.4;
				MTL_ENABLE_DEBUG_INFO = YES;
				ONLY_ACTIVE_ARCH = YES;
				SDKROOT = iphoneos;
				SWIFT_ACTIVE_COMPILATION_CONDITIONS = DEBUG;
				SWIFT_OPTIMIZATION_LEVEL = "-Onone";
			};
			name = Debug;
		};
		FF6F04F921199E8400962DCF /* Release */ = {
			isa = XCBuildConfiguration;
			buildSettings = {
				ALWAYS_SEARCH_USER_PATHS = NO;
				CLANG_ANALYZER_NONNULL = YES;
				CLANG_ANALYZER_NUMBER_OBJECT_CONVERSION = YES_AGGRESSIVE;
				CLANG_CXX_LANGUAGE_STANDARD = "gnu++14";
				CLANG_CXX_LIBRARY = "libc++";
				CLANG_ENABLE_MODULES = YES;
				CLANG_ENABLE_OBJC_ARC = YES;
				CLANG_ENABLE_OBJC_WEAK = YES;
				CLANG_WARN_BLOCK_CAPTURE_AUTORELEASING = YES;
				CLANG_WARN_BOOL_CONVERSION = YES;
				CLANG_WARN_COMMA = YES;
				CLANG_WARN_CONSTANT_CONVERSION = YES;
				CLANG_WARN_DEPRECATED_OBJC_IMPLEMENTATIONS = YES;
				CLANG_WARN_DIRECT_OBJC_ISA_USAGE = YES_ERROR;
				CLANG_WARN_DOCUMENTATION_COMMENTS = YES;
				CLANG_WARN_EMPTY_BODY = YES;
				CLANG_WARN_ENUM_CONVERSION = YES;
				CLANG_WARN_INFINITE_RECURSION = YES;
				CLANG_WARN_INT_CONVERSION = YES;
				CLANG_WARN_NON_LITERAL_NULL_CONVERSION = YES;
				CLANG_WARN_OBJC_IMPLICIT_RETAIN_SELF = YES;
				CLANG_WARN_OBJC_LITERAL_CONVERSION = YES;
				CLANG_WARN_OBJC_ROOT_CLASS = YES_ERROR;
				CLANG_WARN_RANGE_LOOP_ANALYSIS = YES;
				CLANG_WARN_STRICT_PROTOTYPES = YES;
				CLANG_WARN_SUSPICIOUS_MOVE = YES;
				CLANG_WARN_UNGUARDED_AVAILABILITY = YES_AGGRESSIVE;
				CLANG_WARN_UNREACHABLE_CODE = YES;
				CLANG_WARN__DUPLICATE_METHOD_MATCH = YES;
				CODE_SIGN_IDENTITY = "iPhone Developer";
				COPY_PHASE_STRIP = NO;
				DEBUG_INFORMATION_FORMAT = "dwarf-with-dsym";
				ENABLE_NS_ASSERTIONS = NO;
				ENABLE_STRICT_OBJC_MSGSEND = YES;
				GCC_C_LANGUAGE_STANDARD = gnu11;
				GCC_NO_COMMON_BLOCKS = YES;
				GCC_WARN_64_TO_32_BIT_CONVERSION = YES;
				GCC_WARN_ABOUT_RETURN_TYPE = YES_ERROR;
				GCC_WARN_UNDECLARED_SELECTOR = YES;
				GCC_WARN_UNINITIALIZED_AUTOS = YES_AGGRESSIVE;
				GCC_WARN_UNUSED_FUNCTION = YES;
				GCC_WARN_UNUSED_VARIABLE = YES;
				IPHONEOS_DEPLOYMENT_TARGET = 11.4;
				MTL_ENABLE_DEBUG_INFO = NO;
				SDKROOT = iphoneos;
				SWIFT_COMPILATION_MODE = wholemodule;
				SWIFT_OPTIMIZATION_LEVEL = "-O";
				VALIDATE_PRODUCT = YES;
			};
			name = Release;
		};
		FF6F04FB21199E8400962DCF /* Debug */ = {
			isa = XCBuildConfiguration;
			baseConfigurationReference = 971DA7D74D55C07AF2F4A3BA /* Pods-Real Weather.debug.xcconfig */;
			buildSettings = {
				ASSETCATALOG_COMPILER_APPICON_NAME = AppIcon;
				CODE_SIGN_STYLE = Automatic;
				DEVELOPMENT_TEAM = L4A72M4SRA;
				INFOPLIST_FILE = "Real Weather/Info.plist";
				LD_RUNPATH_SEARCH_PATHS = (
					"$(inherited)",
					"@executable_path/Frameworks",
				);
				PRODUCT_BUNDLE_IDENTIFIER = "self.edu.Real-Weather";
				PRODUCT_NAME = "$(TARGET_NAME)";
				SWIFT_VERSION = 4.0;
				TARGETED_DEVICE_FAMILY = "1,2";
			};
			name = Debug;
		};
		FF6F04FC21199E8400962DCF /* Release */ = {
			isa = XCBuildConfiguration;
			baseConfigurationReference = 60439097B98C8A5DEF809E71 /* Pods-Real Weather.release.xcconfig */;
			buildSettings = {
				ASSETCATALOG_COMPILER_APPICON_NAME = AppIcon;
				CODE_SIGN_STYLE = Automatic;
				DEVELOPMENT_TEAM = L4A72M4SRA;
				INFOPLIST_FILE = "Real Weather/Info.plist";
				LD_RUNPATH_SEARCH_PATHS = (
					"$(inherited)",
					"@executable_path/Frameworks",
				);
				PRODUCT_BUNDLE_IDENTIFIER = "self.edu.Real-Weather";
				PRODUCT_NAME = "$(TARGET_NAME)";
				SWIFT_VERSION = 4.0;
				TARGETED_DEVICE_FAMILY = "1,2";
			};
			name = Release;
		};
		FF6F04FE21199E8400962DCF /* Debug */ = {
			isa = XCBuildConfiguration;
			baseConfigurationReference = 20CB9F0618C5BDCE53A0A3E7 /* Pods-Real WeatherTests.debug.xcconfig */;
			buildSettings = {
				ALWAYS_EMBED_SWIFT_STANDARD_LIBRARIES = YES;
				BUNDLE_LOADER = "$(TEST_HOST)";
				CODE_SIGN_STYLE = Automatic;
				INFOPLIST_FILE = "Real WeatherTests/Info.plist";
				LD_RUNPATH_SEARCH_PATHS = (
					"$(inherited)",
					"@executable_path/Frameworks",
					"@loader_path/Frameworks",
				);
				PRODUCT_BUNDLE_IDENTIFIER = "self.edu.Real-WeatherTests";
				PRODUCT_NAME = "$(TARGET_NAME)";
				SWIFT_VERSION = 4.0;
				TARGETED_DEVICE_FAMILY = "1,2";
				TEST_HOST = "$(BUILT_PRODUCTS_DIR)/Real Weather.app/Real Weather";
			};
			name = Debug;
		};
		FF6F04FF21199E8400962DCF /* Release */ = {
			isa = XCBuildConfiguration;
			baseConfigurationReference = 24536B218F8F5AAE6D77FB0C /* Pods-Real WeatherTests.release.xcconfig */;
			buildSettings = {
				ALWAYS_EMBED_SWIFT_STANDARD_LIBRARIES = YES;
				BUNDLE_LOADER = "$(TEST_HOST)";
				CODE_SIGN_STYLE = Automatic;
				INFOPLIST_FILE = "Real WeatherTests/Info.plist";
				LD_RUNPATH_SEARCH_PATHS = (
					"$(inherited)",
					"@executable_path/Frameworks",
					"@loader_path/Frameworks",
				);
				PRODUCT_BUNDLE_IDENTIFIER = "self.edu.Real-WeatherTests";
				PRODUCT_NAME = "$(TARGET_NAME)";
				SWIFT_VERSION = 4.0;
				TARGETED_DEVICE_FAMILY = "1,2";
				TEST_HOST = "$(BUILT_PRODUCTS_DIR)/Real Weather.app/Real Weather";
			};
			name = Release;
		};
		FF6F050121199E8400962DCF /* Debug */ = {
			isa = XCBuildConfiguration;
			baseConfigurationReference = 6498F9549772078D27088A8A /* Pods-Real WeatherUITests.debug.xcconfig */;
			buildSettings = {
				ALWAYS_EMBED_SWIFT_STANDARD_LIBRARIES = YES;
				CODE_SIGN_STYLE = Automatic;
				INFOPLIST_FILE = "Real WeatherUITests/Info.plist";
				LD_RUNPATH_SEARCH_PATHS = (
					"$(inherited)",
					"@executable_path/Frameworks",
					"@loader_path/Frameworks",
				);
				PRODUCT_BUNDLE_IDENTIFIER = "self.edu.Real-WeatherUITests";
				PRODUCT_NAME = "$(TARGET_NAME)";
				SWIFT_VERSION = 4.0;
				TARGETED_DEVICE_FAMILY = "1,2";
				TEST_TARGET_NAME = "Real Weather";
			};
			name = Debug;
		};
		FF6F050221199E8400962DCF /* Release */ = {
			isa = XCBuildConfiguration;
			baseConfigurationReference = 7CA9187B6DA9E6A28A2FEF34 /* Pods-Real WeatherUITests.release.xcconfig */;
			buildSettings = {
				ALWAYS_EMBED_SWIFT_STANDARD_LIBRARIES = YES;
				CODE_SIGN_STYLE = Automatic;
				INFOPLIST_FILE = "Real WeatherUITests/Info.plist";
				LD_RUNPATH_SEARCH_PATHS = (
					"$(inherited)",
					"@executable_path/Frameworks",
					"@loader_path/Frameworks",
				);
				PRODUCT_BUNDLE_IDENTIFIER = "self.edu.Real-WeatherUITests";
				PRODUCT_NAME = "$(TARGET_NAME)";
				SWIFT_VERSION = 4.0;
				TARGETED_DEVICE_FAMILY = "1,2";
				TEST_TARGET_NAME = "Real Weather";
			};
			name = Release;
		};
/* End XCBuildConfiguration section */

/* Begin XCConfigurationList section */
		FF6F04CD21199E8300962DCF /* Build configuration list for PBXProject "Real Weather" */ = {
			isa = XCConfigurationList;
			buildConfigurations = (
				FF6F04F821199E8400962DCF /* Debug */,
				FF6F04F921199E8400962DCF /* Release */,
			);
			defaultConfigurationIsVisible = 0;
			defaultConfigurationName = Release;
		};
		FF6F04FA21199E8400962DCF /* Build configuration list for PBXNativeTarget "Real Weather" */ = {
			isa = XCConfigurationList;
			buildConfigurations = (
				FF6F04FB21199E8400962DCF /* Debug */,
				FF6F04FC21199E8400962DCF /* Release */,
			);
			defaultConfigurationIsVisible = 0;
			defaultConfigurationName = Release;
		};
		FF6F04FD21199E8400962DCF /* Build configuration list for PBXNativeTarget "Real WeatherTests" */ = {
			isa = XCConfigurationList;
			buildConfigurations = (
				FF6F04FE21199E8400962DCF /* Debug */,
				FF6F04FF21199E8400962DCF /* Release */,
			);
			defaultConfigurationIsVisible = 0;
			defaultConfigurationName = Release;
		};
		FF6F050021199E8400962DCF /* Build configuration list for PBXNativeTarget "Real WeatherUITests" */ = {
			isa = XCConfigurationList;
			buildConfigurations = (
				FF6F050121199E8400962DCF /* Debug */,
				FF6F050221199E8400962DCF /* Release */,
			);
			defaultConfigurationIsVisible = 0;
			defaultConfigurationName = Release;
		};
/* End XCConfigurationList section */
	};
	rootObject = FF6F04CA21199E8300962DCF /* Project object */;
}
